
Microsoft Visual Studio Solution File, Format Version 12.00
# Visual Studio Version 16
VisualStudioVersion = 16.0.29926.136
MinimumVisualStudioVersion = 10.0.40219.1
Project("{FAE04EC0-301F-11D3-BF4B-00C04F79EFBC}") = "Mega_Sena_Sorteador", "Mega_Sena_Sorteador\Mega_Sena_Sorteador.csproj", "{7702E1AE-6B6C-4D9F-B294-AE64070B826D}"
EndProject
Global
	GlobalSection(SolutionConfigurationPlatforms) = preSolution
		Debug|Any CPU = Debug|Any CPU
		Release|Any CPU = Release|Any CPU
	EndGlobalSection
	GlobalSection(ProjectConfigurationPlatforms) = postSolution
		{7702E1AE-6B6C-4D9F-B294-AE64070B826D}.Debug|Any CPU.ActiveCfg = Debug|Any CPU
		{7702E1AE-6B6C-4D9F-B294-AE64070B826D}.Debug|Any CPU.Build.0 = Debug|Any CPU
		{7702E1AE-6B6C-4D9F-B294-AE64070B826D}.Release|Any CPU.ActiveCfg = Release|Any CPU
		{7702E1AE-6B6C-4D9F-B294-AE64070B826D}.Release|Any CPU.Build.0 = Release|Any CPU
	EndGlobalSection
	GlobalSection(SolutionProperties) = preSolution
		HideSolutionNode = FALSE
	EndGlobalSection
	GlobalSection(ExtensibilityGlobals) = postSolution
		SolutionGuid = {92C00EC8-C172-48A9-A868-67CFD356DDC9}
	EndGlobalSection
EndGlobal
